{
    "compileClasspath": {
        "com.diffplug.spotless:spotless-plugin-gradle": {
            "locked": "3.12.0",
            "requested": "latest.release"
        },
        "com.gradle.publish:plugin-publish-plugin": {
            "locked": "0.9.10",
            "requested": "latest.release"
        },
        "com.netflix.nebula:nebula-publishing-plugin": {
            "locked": "7.2.0",
            "requested": "latest.release"
        },
        "org.ajoberstar.reckon:reckon-gradle": {
            "locked": "0.7.0-rc.1",
            "requested": "latest.release"
        },
        "org.ajoberstar:gradle-git-publish": {
            "locked": "1.0.0-rc.1",
            "requested": "latest.release"
        },
        "org.ajoberstar:gradle-stutter": {
            "locked": "0.4.0-rc.1",
            "requested": "latest.release"
        },
        "org.ajoberstar:grgit": {
            "locked": "2.2.1-rc.2",
            "requested": "latest.release"
        }
    },
    "default": {
        "com.diffplug.spotless:spotless-plugin-gradle": {
            "locked": "3.12.0",
            "requested": "latest.release"
        },
        "com.gradle.publish:plugin-publish-plugin": {
            "locked": "0.9.10",
            "requested": "latest.release"
        },
        "com.netflix.nebula:nebula-publishing-plugin": {
            "locked": "7.2.0",
            "requested": "latest.release"
        },
        "org.ajoberstar.reckon:reckon-gradle": {
            "locked": "0.7.0-rc.1",
            "requested": "latest.release"
        },
        "org.ajoberstar:gradle-git-publish": {
            "locked": "1.0.0-rc.1",
            "requested": "latest.release"
        },
        "org.ajoberstar:gradle-stutter": {
            "locked": "0.4.0-rc.1",
            "requested": "latest.release"
        },
        "org.ajoberstar:grgit": {
            "locked": "2.2.1-rc.2",
            "requested": "latest.release"
        }
    },
    "runtimeClasspath": {
        "com.diffplug.spotless:spotless-plugin-gradle": {
            "locked": "3.12.0",
            "requested": "latest.release"
        },
        "com.gradle.publish:plugin-publish-plugin": {
            "locked": "0.9.10",
            "requested": "latest.release"
        },
        "com.netflix.nebula:nebula-publishing-plugin": {
            "locked": "7.2.0",
            "requested": "latest.release"
        },
        "org.ajoberstar.reckon:reckon-gradle": {
            "locked": "0.7.0-rc.1",
            "requested": "latest.release"
        },
        "org.ajoberstar:gradle-git-publish": {
            "locked": "1.0.0-rc.1",
            "requested": "latest.release"
        },
        "org.ajoberstar:gradle-stutter": {
            "locked": "0.4.0-rc.1",
            "requested": "latest.release"
        },
        "org.ajoberstar:grgit": {
            "locked": "2.2.1-rc.2",
            "requested": "latest.release"
        }
    },
    "testCompileClasspath": {
        "com.diffplug.spotless:spotless-plugin-gradle": {
            "locked": "3.12.0",
            "requested": "latest.release"
        },
        "com.gradle.publish:plugin-publish-plugin": {
            "locked": "0.9.10",
            "requested": "latest.release"
        },
        "com.netflix.nebula:nebula-publishing-plugin": {
            "locked": "7.2.0",
            "requested": "latest.release"
        },
        "org.ajoberstar.reckon:reckon-gradle": {
            "locked": "0.7.0-rc.1",
            "requested": "latest.release"
        },
        "org.ajoberstar:gradle-git-publish": {
            "locked": "1.0.0-rc.1",
            "requested": "latest.release"
        },
        "org.ajoberstar:gradle-stutter": {
            "locked": "0.4.0-rc.1",
            "requested": "latest.release"
        },
        "org.ajoberstar:grgit": {
            "locked": "2.2.1-rc.2",
            "requested": "latest.release"
        }
    },
    "testRuntimeClasspath": {
        "com.diffplug.spotless:spotless-plugin-gradle": {
            "locked": "3.12.0",
            "requested": "latest.release"
        },
        "com.gradle.publish:plugin-publish-plugin": {
            "locked": "0.9.10",
            "requested": "latest.release"
        },
        "com.netflix.nebula:nebula-publishing-plugin": {
            "locked": "7.2.0",
            "requested": "latest.release"
        },
        "org.ajoberstar.reckon:reckon-gradle": {
            "locked": "0.7.0-rc.1",
            "requested": "latest.release"
        },
        "org.ajoberstar:gradle-git-publish": {
            "locked": "1.0.0-rc.1",
            "requested": "latest.release"
        },
        "org.ajoberstar:gradle-stutter": {
            "locked": "0.4.0-rc.1",
            "requested": "latest.release"
        },
        "org.ajoberstar:grgit": {
            "locked": "2.2.1-rc.2",
            "requested": "latest.release"
        }
    }
}