{
    "default": {
        "com.diffplug.spotless:spotless-plugin-gradle": {
            "locked": "3.10.0",
            "requested": "+"
        },
        "com.gradle.publish:plugin-publish-plugin": {
            "locked": "0.9.10",
            "requested": "+"
        },
        "com.netflix.nebula:nebula-publishing-plugin": {
            "locked": "7.0.10",
            "requested": "+"
        },
        "org.ajoberstar.reckon:reckon-gradle": {
            "locked": "0.4.0",
            "requested": "+"
        },
        "org.ajoberstar:gradle-bintray": {
            "locked": "0.1.1",
            "requested": "+"
        },
        "org.ajoberstar:gradle-git-publish": {
            "locked": "0.4.0-rc.2",
            "requested": "+"
        },
        "org.ajoberstar:gradle-stutter": {
            "locked": "0.2.1",
            "requested": "+"
        },
        "org.ajoberstar:grgit": {
            "locked": "2.1.1",
            "requested": "+"
        }
    },
    "jacocoAgent": {
        "org.jacoco:org.jacoco.agent": {
            "locked": "0.8.0"
        }
    },
    "jacocoAnt": {
        "org.jacoco:org.jacoco.ant": {
            "locked": "0.8.0"
        }
    },
    "runtime": {
        "com.diffplug.spotless:spotless-plugin-gradle": {
            "locked": "3.10.0",
            "requested": "+"
        },
        "com.gradle.publish:plugin-publish-plugin": {
            "locked": "0.9.10",
            "requested": "+"
        },
        "com.netflix.nebula:nebula-publishing-plugin": {
            "locked": "7.0.10",
            "requested": "+"
        },
        "org.ajoberstar.reckon:reckon-gradle": {
            "locked": "0.4.0",
            "requested": "+"
        },
        "org.ajoberstar:gradle-bintray": {
            "locked": "0.1.1",
            "requested": "+"
        },
        "org.ajoberstar:gradle-git-publish": {
            "locked": "0.4.0-rc.2",
            "requested": "+"
        },
        "org.ajoberstar:gradle-stutter": {
            "locked": "0.2.1",
            "requested": "+"
        },
        "org.ajoberstar:grgit": {
            "locked": "2.1.1",
            "requested": "+"
        }
    },
    "runtimeClasspath": {
        "com.diffplug.spotless:spotless-plugin-gradle": {
            "locked": "3.10.0",
            "requested": "+"
        },
        "com.gradle.publish:plugin-publish-plugin": {
            "locked": "0.9.10",
            "requested": "+"
        },
        "com.netflix.nebula:nebula-publishing-plugin": {
            "locked": "7.0.10",
            "requested": "+"
        },
        "org.ajoberstar.reckon:reckon-gradle": {
            "locked": "0.4.0",
            "requested": "+"
        },
        "org.ajoberstar:gradle-bintray": {
            "locked": "0.1.1",
            "requested": "+"
        },
        "org.ajoberstar:gradle-git-publish": {
            "locked": "0.4.0-rc.2",
            "requested": "+"
        },
        "org.ajoberstar:gradle-stutter": {
            "locked": "0.2.1",
            "requested": "+"
        },
        "org.ajoberstar:grgit": {
            "locked": "2.1.1",
            "requested": "+"
        }
    },
    "testRuntime": {
        "com.diffplug.spotless:spotless-plugin-gradle": {
            "locked": "3.10.0",
            "requested": "+"
        },
        "com.gradle.publish:plugin-publish-plugin": {
            "locked": "0.9.10",
            "requested": "+"
        },
        "com.netflix.nebula:nebula-publishing-plugin": {
            "locked": "7.0.10",
            "requested": "+"
        },
        "org.ajoberstar.reckon:reckon-gradle": {
            "locked": "0.4.0",
            "requested": "+"
        },
        "org.ajoberstar:gradle-bintray": {
            "locked": "0.1.1",
            "requested": "+"
        },
        "org.ajoberstar:gradle-git-publish": {
            "locked": "0.4.0-rc.2",
            "requested": "+"
        },
        "org.ajoberstar:gradle-stutter": {
            "locked": "0.2.1",
            "requested": "+"
        },
        "org.ajoberstar:grgit": {
            "locked": "2.1.1",
            "requested": "+"
        }
    },
    "testRuntimeClasspath": {
        "com.diffplug.spotless:spotless-plugin-gradle": {
            "locked": "3.10.0",
            "requested": "+"
        },
        "com.gradle.publish:plugin-publish-plugin": {
            "locked": "0.9.10",
            "requested": "+"
        },
        "com.netflix.nebula:nebula-publishing-plugin": {
            "locked": "7.0.10",
            "requested": "+"
        },
        "org.ajoberstar.reckon:reckon-gradle": {
            "locked": "0.4.0",
            "requested": "+"
        },
        "org.ajoberstar:gradle-bintray": {
            "locked": "0.1.1",
            "requested": "+"
        },
        "org.ajoberstar:gradle-git-publish": {
            "locked": "0.4.0-rc.2",
            "requested": "+"
        },
        "org.ajoberstar:gradle-stutter": {
            "locked": "0.2.1",
            "requested": "+"
        },
        "org.ajoberstar:grgit": {
            "locked": "2.1.1",
            "requested": "+"
        }
    }
}