# This is a Gradle generated file for dependency locking.
# Manual edits can break the build and are not advised.
# This file is expected to be part of source control.
com.diffplug.spotless:spotless-lib-extra:1.28.1
com.diffplug.spotless:spotless-lib:1.28.1
com.diffplug.spotless:spotless-plugin-gradle:3.28.1
com.googlecode.javaewah:JavaEWAH:1.1.6
com.gradle.publish:plugin-publish-plugin:0.11.0
com.jcraft:jsch:0.1.55
com.jcraft:jzlib:1.1.1
org.ajoberstar.grgit:grgit-core:4.0.1
org.ajoberstar.grgit:grgit-gradle:4.0.1
org.ajoberstar.reckon:reckon-gradle:0.12.0
org.ajoberstar:gradle-git-publish:3.0.0-rc.1
org.ajoberstar:gradle-stutter:0.5.1
org.bouncycastle:bcpg-jdk15on:1.64
org.bouncycastle:bcpkix-jdk15on:1.64
org.bouncycastle:bcprov-jdk15on:1.64
org.eclipse.jgit:org.eclipse.jgit:5.6.0.201912101111-r
org.slf4j:slf4j-api:1.7.2
